
Microsoft Visual Studio Solution File, Format Version 12.00
# Visual Studio Version 16
VisualStudioVersion = 16.0.810.9
MinimumVisualStudioVersion = 10.0.40219.1
Project("{FAE04EC0-301F-11D3-BF4B-00C04F79EFBC}") = "test", "test\test.csproj", "{5B1BB5EF-4821-4ED1-A4FC-87B584EA12E6}"
EndProject
Project("{FAE04EC0-301F-11D3-BF4B-00C04F79EFBC}") = "_016_String", "_016_String\_016_String.csproj", "{3411F2DE-A3F2-4016-97D9-7CBB7238D65C}"
EndProject
Project("{FAE04EC0-301F-11D3-BF4B-00C04F79EFBC}") = "_019_Data_enum", "_019_Data_enum\_019_Data_enum.csproj", "{0FD26A40-32FB-4228-B7CF-7A024AF220B5}"
EndProject
Project("{FAE04EC0-301F-11D3-BF4B-00C04F79EFBC}") = "_20_Data_enum2", "_20_Data_enum2\_20_Data_enum2.csproj", "{304D585E-CA68-4DDC-A14B-C2A43812953A}"
EndProject
Project("{FAE04EC0-301F-11D3-BF4B-00C04F79EFBC}") = "028_Data_Reference", "028_Data_Reference\028_Data_Reference.csproj", "{D849FD04-4425-4D5B-B76F-22291981218B}"
EndProject
Project("{FAE04EC0-301F-11D3-BF4B-00C04F79EFBC}") = "031_ReadLine2", "031_ReadLine2\031_ReadLine2.csproj", "{3F7FF399-1FD0-40F8-B1B2-B5BB61D51185}"
EndProject
Project("{FAE04EC0-301F-11D3-BF4B-00C04F79EFBC}") = "032_033_DataCheck", "032_033_DataCheck\032_033_DataCheck.csproj", "{4B57154E-0605-4C30-A082-5A664C179EF3}"
EndProject
Project("{FAE04EC0-301F-11D3-BF4B-00C04F79EFBC}") = "039_Operator6", "039_Operator6\039_Operator6.csproj", "{8A2F10D2-784C-4E05-AE30-8D55D6F20EEE}"
EndProject
Project("{FAE04EC0-301F-11D3-BF4B-00C04F79EFBC}") = "041_Operator_null", "041_Operator_null\041_Operator_null.csproj", "{95FED345-1D42-423D-8080-FE1A596C8B64}"
EndProject
Project("{FAE04EC0-301F-11D3-BF4B-00C04F79EFBC}") = "042_gugudan", "042_gugudan\042_gugudan.csproj", "{4773476B-B8B9-4BAA-BB28-3AA239B71567}"
EndProject
Project("{FAE04EC0-301F-11D3-BF4B-00C04F79EFBC}") = "055_Check", "055_Check\055_Check.csproj", "{0AFFAB6F-4B98-40C4-BAB3-0156BB13B298}"
EndProject
Project("{FAE04EC0-301F-11D3-BF4B-00C04F79EFBC}") = "056_Check", "056_Check\056_Check.csproj", "{B993ED8F-76B7-4889-A88C-514B60972B52}"
EndProject
Project("{FAE04EC0-301F-11D3-BF4B-00C04F79EFBC}") = "057_Check", "057_Check\057_Check.csproj", "{48F5ACD2-E482-4C62-BEC8-53B0042D7CD0}"
EndProject
Project("{FAE04EC0-301F-11D3-BF4B-00C04F79EFBC}") = "CheckPoint01", "CheckPoint01\CheckPoint01.csproj", "{98475C87-EF44-474F-95AE-8C8CE22D62F6}"
EndProject
Project("{FAE04EC0-301F-11D3-BF4B-00C04F79EFBC}") = "062_FuncSwap", "062_FuncSwap\062_FuncSwap.csproj", "{C72EC66C-B7A6-4E58-913E-232B0B328188}"
EndProject
Project("{FAE04EC0-301F-11D3-BF4B-00C04F79EFBC}") = "063_Func_out", "063_Func_out\063_Func_out.csproj", "{D2800F07-9BC5-4907-A2D1-2F81DE97A984}"
EndProject
Project("{FAE04EC0-301F-11D3-BF4B-00C04F79EFBC}") = "067_Check", "067_Check\067_Check.csproj", "{DE86DAB2-D096-442C-B5FF-FF5404448A25}"
EndProject
Project("{FAE04EC0-301F-11D3-BF4B-00C04F79EFBC}") = "CheckPoint02", "CheckPoint02\CheckPoint02.csproj", "{5C34F8EC-06EB-456C-869B-FAA6D8A1006B}"
EndProject
Project("{FAE04EC0-301F-11D3-BF4B-00C04F79EFBC}") = "068_Array_Init", "068_Array_Init\068_Array_Init.csproj", "{B02A0628-359E-4763-A52B-45EAE21020D9}"
EndProject
Project("{FAE04EC0-301F-11D3-BF4B-00C04F79EFBC}") = "068_1_Array_init2", "068_1_Array_init2\068_1_Array_init2.csproj", "{6C666FC6-F733-4BA0-9197-E3A45B6E029C}"
EndProject
Project("{FAE04EC0-301F-11D3-BF4B-00C04F79EFBC}") = "072_Array_Func1", "072_Array_Func1\072_Array_Func1.csproj", "{F20260E5-6339-4237-9637-9B9A049874CD}"
EndProject
Project("{FAE04EC0-301F-11D3-BF4B-00C04F79EFBC}") = "073_Array_Func2", "073_Array_Func2\073_Array_Func2.csproj", "{DC08DA5A-16E0-4806-8262-1559320C25F2}"
EndProject
Project("{FAE04EC0-301F-11D3-BF4B-00C04F79EFBC}") = "075_Check", "075_Check\075_Check.csproj", "{B4490DDC-17C6-408E-810F-FF7B593A0F27}"
EndProject
Project("{FAE04EC0-301F-11D3-BF4B-00C04F79EFBC}") = "076_Check", "076_Check\076_Check.csproj", "{96E6832B-5F41-4DA7-8158-55B42BA3E34D}"
EndProject
Project("{FAE04EC0-301F-11D3-BF4B-00C04F79EFBC}") = "CheckPoint03", "CheckPoint03\CheckPoint03.csproj", "{7F2DC7D2-7F88-4A1D-B1E2-5F1C27F3AEC2}"
EndProject
Project("{FAE04EC0-301F-11D3-BF4B-00C04F79EFBC}") = "077_class", "077_class\077_class.csproj", "{1B662C26-6EE3-48E5-8B68-1A3EB04E639A}"
EndProject
Project("{FAE04EC0-301F-11D3-BF4B-00C04F79EFBC}") = "078_Constructor", "078_Constructor\078_Constructor.csproj", "{5C7E1B53-0D3C-4180-8E10-52ACFA64921F}"
EndProject
Project("{FAE04EC0-301F-11D3-BF4B-00C04F79EFBC}") = "081_class_parameter", "081_class_parameter\081_class_parameter.csproj", "{3AE4DED6-9DD0-434F-9200-21F332BFD0AC}"
EndProject
Project("{FAE04EC0-301F-11D3-BF4B-00C04F79EFBC}") = "081_03_class_base", "081_03_class_base\081_03_class_base.csproj", "{4AFF33F7-96DF-42B8-8EFE-37C614CE239E}"
EndProject
Project("{FAE04EC0-301F-11D3-BF4B-00C04F79EFBC}") = "083_override", "083_override\083_override.csproj", "{C7265605-3558-44D8-8522-6CC409BC3678}"
EndProject
Project("{FAE04EC0-301F-11D3-BF4B-00C04F79EFBC}") = "085_class_has_a", "085_class_has_a\085_class_has_a.csproj", "{1EDBFB4C-7FFE-46A0-B763-0B824BE98050}"
EndProject
Global
	GlobalSection(SolutionConfigurationPlatforms) = preSolution
		Debug|Any CPU = Debug|Any CPU
		Release|Any CPU = Release|Any CPU
	EndGlobalSection
	GlobalSection(ProjectConfigurationPlatforms) = postSolution
		{5B1BB5EF-4821-4ED1-A4FC-87B584EA12E6}.Debug|Any CPU.ActiveCfg = Debug|Any CPU
		{5B1BB5EF-4821-4ED1-A4FC-87B584EA12E6}.Debug|Any CPU.Build.0 = Debug|Any CPU
		{5B1BB5EF-4821-4ED1-A4FC-87B584EA12E6}.Release|Any CPU.ActiveCfg = Release|Any CPU
		{5B1BB5EF-4821-4ED1-A4FC-87B584EA12E6}.Release|Any CPU.Build.0 = Release|Any CPU
		{3411F2DE-A3F2-4016-97D9-7CBB7238D65C}.Debug|Any CPU.ActiveCfg = Debug|Any CPU
		{3411F2DE-A3F2-4016-97D9-7CBB7238D65C}.Debug|Any CPU.Build.0 = Debug|Any CPU
		{3411F2DE-A3F2-4016-97D9-7CBB7238D65C}.Release|Any CPU.ActiveCfg = Release|Any CPU
		{3411F2DE-A3F2-4016-97D9-7CBB7238D65C}.Release|Any CPU.Build.0 = Release|Any CPU
		{0FD26A40-32FB-4228-B7CF-7A024AF220B5}.Debug|Any CPU.ActiveCfg = Debug|Any CPU
		{0FD26A40-32FB-4228-B7CF-7A024AF220B5}.Debug|Any CPU.Build.0 = Debug|Any CPU
		{0FD26A40-32FB-4228-B7CF-7A024AF220B5}.Release|Any CPU.ActiveCfg = Release|Any CPU
		{0FD26A40-32FB-4228-B7CF-7A024AF220B5}.Release|Any CPU.Build.0 = Release|Any CPU
		{304D585E-CA68-4DDC-A14B-C2A43812953A}.Debug|Any CPU.ActiveCfg = Debug|Any CPU
		{304D585E-CA68-4DDC-A14B-C2A43812953A}.Debug|Any CPU.Build.0 = Debug|Any CPU
		{304D585E-CA68-4DDC-A14B-C2A43812953A}.Release|Any CPU.ActiveCfg = Release|Any CPU
		{304D585E-CA68-4DDC-A14B-C2A43812953A}.Release|Any CPU.Build.0 = Release|Any CPU
		{D849FD04-4425-4D5B-B76F-22291981218B}.Debug|Any CPU.ActiveCfg = Debug|Any CPU
		{D849FD04-4425-4D5B-B76F-22291981218B}.Debug|Any CPU.Build.0 = Debug|Any CPU
		{D849FD04-4425-4D5B-B76F-22291981218B}.Release|Any CPU.ActiveCfg = Release|Any CPU
		{D849FD04-4425-4D5B-B76F-22291981218B}.Release|Any CPU.Build.0 = Release|Any CPU
		{3F7FF399-1FD0-40F8-B1B2-B5BB61D51185}.Debug|Any CPU.ActiveCfg = Debug|Any CPU
		{3F7FF399-1FD0-40F8-B1B2-B5BB61D51185}.Debug|Any CPU.Build.0 = Debug|Any CPU
		{3F7FF399-1FD0-40F8-B1B2-B5BB61D51185}.Release|Any CPU.ActiveCfg = Release|Any CPU
		{3F7FF399-1FD0-40F8-B1B2-B5BB61D51185}.Release|Any CPU.Build.0 = Release|Any CPU
		{4B57154E-0605-4C30-A082-5A664C179EF3}.Debug|Any CPU.ActiveCfg = Debug|Any CPU
		{4B57154E-0605-4C30-A082-5A664C179EF3}.Debug|Any CPU.Build.0 = Debug|Any CPU
		{4B57154E-0605-4C30-A082-5A664C179EF3}.Release|Any CPU.ActiveCfg = Release|Any CPU
		{4B57154E-0605-4C30-A082-5A664C179EF3}.Release|Any CPU.Build.0 = Release|Any CPU
		{8A2F10D2-784C-4E05-AE30-8D55D6F20EEE}.Debug|Any CPU.ActiveCfg = Debug|Any CPU
		{8A2F10D2-784C-4E05-AE30-8D55D6F20EEE}.Debug|Any CPU.Build.0 = Debug|Any CPU
		{8A2F10D2-784C-4E05-AE30-8D55D6F20EEE}.Release|Any CPU.ActiveCfg = Release|Any CPU
		{8A2F10D2-784C-4E05-AE30-8D55D6F20EEE}.Release|Any CPU.Build.0 = Release|Any CPU
		{95FED345-1D42-423D-8080-FE1A596C8B64}.Debug|Any CPU.ActiveCfg = Debug|Any CPU
		{95FED345-1D42-423D-8080-FE1A596C8B64}.Debug|Any CPU.Build.0 = Debug|Any CPU
		{95FED345-1D42-423D-8080-FE1A596C8B64}.Release|Any CPU.ActiveCfg = Release|Any CPU
		{95FED345-1D42-423D-8080-FE1A596C8B64}.Release|Any CPU.Build.0 = Release|Any CPU
		{4773476B-B8B9-4BAA-BB28-3AA239B71567}.Debug|Any CPU.ActiveCfg = Debug|Any CPU
		{4773476B-B8B9-4BAA-BB28-3AA239B71567}.Debug|Any CPU.Build.0 = Debug|Any CPU
		{4773476B-B8B9-4BAA-BB28-3AA239B71567}.Release|Any CPU.ActiveCfg = Release|Any CPU
		{4773476B-B8B9-4BAA-BB28-3AA239B71567}.Release|Any CPU.Build.0 = Release|Any CPU
		{0AFFAB6F-4B98-40C4-BAB3-0156BB13B298}.Debug|Any CPU.ActiveCfg = Debug|Any CPU
		{0AFFAB6F-4B98-40C4-BAB3-0156BB13B298}.Debug|Any CPU.Build.0 = Debug|Any CPU
		{0AFFAB6F-4B98-40C4-BAB3-0156BB13B298}.Release|Any CPU.ActiveCfg = Release|Any CPU
		{0AFFAB6F-4B98-40C4-BAB3-0156BB13B298}.Release|Any CPU.Build.0 = Release|Any CPU
		{B993ED8F-76B7-4889-A88C-514B60972B52}.Debug|Any CPU.ActiveCfg = Debug|Any CPU
		{B993ED8F-76B7-4889-A88C-514B60972B52}.Debug|Any CPU.Build.0 = Debug|Any CPU
		{B993ED8F-76B7-4889-A88C-514B60972B52}.Release|Any CPU.ActiveCfg = Release|Any CPU
		{B993ED8F-76B7-4889-A88C-514B60972B52}.Release|Any CPU.Build.0 = Release|Any CPU
		{48F5ACD2-E482-4C62-BEC8-53B0042D7CD0}.Debug|Any CPU.ActiveCfg = Debug|Any CPU
		{48F5ACD2-E482-4C62-BEC8-53B0042D7CD0}.Debug|Any CPU.Build.0 = Debug|Any CPU
		{48F5ACD2-E482-4C62-BEC8-53B0042D7CD0}.Release|Any CPU.ActiveCfg = Release|Any CPU
		{48F5ACD2-E482-4C62-BEC8-53B0042D7CD0}.Release|Any CPU.Build.0 = Release|Any CPU
		{98475C87-EF44-474F-95AE-8C8CE22D62F6}.Debug|Any CPU.ActiveCfg = Debug|Any CPU
		{98475C87-EF44-474F-95AE-8C8CE22D62F6}.Debug|Any CPU.Build.0 = Debug|Any CPU
		{98475C87-EF44-474F-95AE-8C8CE22D62F6}.Release|Any CPU.ActiveCfg = Release|Any CPU
		{98475C87-EF44-474F-95AE-8C8CE22D62F6}.Release|Any CPU.Build.0 = Release|Any CPU
		{C72EC66C-B7A6-4E58-913E-232B0B328188}.Debug|Any CPU.ActiveCfg = Debug|Any CPU
		{C72EC66C-B7A6-4E58-913E-232B0B328188}.Debug|Any CPU.Build.0 = Debug|Any CPU
		{C72EC66C-B7A6-4E58-913E-232B0B328188}.Release|Any CPU.ActiveCfg = Release|Any CPU
		{C72EC66C-B7A6-4E58-913E-232B0B328188}.Release|Any CPU.Build.0 = Release|Any CPU
		{D2800F07-9BC5-4907-A2D1-2F81DE97A984}.Debug|Any CPU.ActiveCfg = Debug|Any CPU
		{D2800F07-9BC5-4907-A2D1-2F81DE97A984}.Debug|Any CPU.Build.0 = Debug|Any CPU
		{D2800F07-9BC5-4907-A2D1-2F81DE97A984}.Release|Any CPU.ActiveCfg = Release|Any CPU
		{D2800F07-9BC5-4907-A2D1-2F81DE97A984}.Release|Any CPU.Build.0 = Release|Any CPU
		{DE86DAB2-D096-442C-B5FF-FF5404448A25}.Debug|Any CPU.ActiveCfg = Debug|Any CPU
		{DE86DAB2-D096-442C-B5FF-FF5404448A25}.Debug|Any CPU.Build.0 = Debug|Any CPU
		{DE86DAB2-D096-442C-B5FF-FF5404448A25}.Release|Any CPU.ActiveCfg = Release|Any CPU
		{DE86DAB2-D096-442C-B5FF-FF5404448A25}.Release|Any CPU.Build.0 = Release|Any CPU
		{5C34F8EC-06EB-456C-869B-FAA6D8A1006B}.Debug|Any CPU.ActiveCfg = Debug|Any CPU
		{5C34F8EC-06EB-456C-869B-FAA6D8A1006B}.Debug|Any CPU.Build.0 = Debug|Any CPU
		{5C34F8EC-06EB-456C-869B-FAA6D8A1006B}.Release|Any CPU.ActiveCfg = Release|Any CPU
		{5C34F8EC-06EB-456C-869B-FAA6D8A1006B}.Release|Any CPU.Build.0 = Release|Any CPU
		{B02A0628-359E-4763-A52B-45EAE21020D9}.Debug|Any CPU.ActiveCfg = Debug|Any CPU
		{B02A0628-359E-4763-A52B-45EAE21020D9}.Debug|Any CPU.Build.0 = Debug|Any CPU
		{B02A0628-359E-4763-A52B-45EAE21020D9}.Release|Any CPU.ActiveCfg = Release|Any CPU
		{B02A0628-359E-4763-A52B-45EAE21020D9}.Release|Any CPU.Build.0 = Release|Any CPU
		{6C666FC6-F733-4BA0-9197-E3A45B6E029C}.Debug|Any CPU.ActiveCfg = Debug|Any CPU
		{6C666FC6-F733-4BA0-9197-E3A45B6E029C}.Debug|Any CPU.Build.0 = Debug|Any CPU
		{6C666FC6-F733-4BA0-9197-E3A45B6E029C}.Release|Any CPU.ActiveCfg = Release|Any CPU
		{6C666FC6-F733-4BA0-9197-E3A45B6E029C}.Release|Any CPU.Build.0 = Release|Any CPU
		{F20260E5-6339-4237-9637-9B9A049874CD}.Debug|Any CPU.ActiveCfg = Debug|Any CPU
		{F20260E5-6339-4237-9637-9B9A049874CD}.Debug|Any CPU.Build.0 = Debug|Any CPU
		{F20260E5-6339-4237-9637-9B9A049874CD}.Release|Any CPU.ActiveCfg = Release|Any CPU
		{F20260E5-6339-4237-9637-9B9A049874CD}.Release|Any CPU.Build.0 = Release|Any CPU
		{DC08DA5A-16E0-4806-8262-1559320C25F2}.Debug|Any CPU.ActiveCfg = Debug|Any CPU
		{DC08DA5A-16E0-4806-8262-1559320C25F2}.Debug|Any CPU.Build.0 = Debug|Any CPU
		{DC08DA5A-16E0-4806-8262-1559320C25F2}.Release|Any CPU.ActiveCfg = Release|Any CPU
		{DC08DA5A-16E0-4806-8262-1559320C25F2}.Release|Any CPU.Build.0 = Release|Any CPU
		{B4490DDC-17C6-408E-810F-FF7B593A0F27}.Debug|Any CPU.ActiveCfg = Debug|Any CPU
		{B4490DDC-17C6-408E-810F-FF7B593A0F27}.Debug|Any CPU.Build.0 = Debug|Any CPU
		{B4490DDC-17C6-408E-810F-FF7B593A0F27}.Release|Any CPU.ActiveCfg = Release|Any CPU
		{B4490DDC-17C6-408E-810F-FF7B593A0F27}.Release|Any CPU.Build.0 = Release|Any CPU
		{96E6832B-5F41-4DA7-8158-55B42BA3E34D}.Debug|Any CPU.ActiveCfg = Debug|Any CPU
		{96E6832B-5F41-4DA7-8158-55B42BA3E34D}.Debug|Any CPU.Build.0 = Debug|Any CPU
		{96E6832B-5F41-4DA7-8158-55B42BA3E34D}.Release|Any CPU.ActiveCfg = Release|Any CPU
		{96E6832B-5F41-4DA7-8158-55B42BA3E34D}.Release|Any CPU.Build.0 = Release|Any CPU
		{7F2DC7D2-7F88-4A1D-B1E2-5F1C27F3AEC2}.Debug|Any CPU.ActiveCfg = Debug|Any CPU
		{7F2DC7D2-7F88-4A1D-B1E2-5F1C27F3AEC2}.Debug|Any CPU.Build.0 = Debug|Any CPU
		{7F2DC7D2-7F88-4A1D-B1E2-5F1C27F3AEC2}.Release|Any CPU.ActiveCfg = Release|Any CPU
		{7F2DC7D2-7F88-4A1D-B1E2-5F1C27F3AEC2}.Release|Any CPU.Build.0 = Release|Any CPU
		{1B662C26-6EE3-48E5-8B68-1A3EB04E639A}.Debug|Any CPU.ActiveCfg = Debug|Any CPU
		{1B662C26-6EE3-48E5-8B68-1A3EB04E639A}.Debug|Any CPU.Build.0 = Debug|Any CPU
		{1B662C26-6EE3-48E5-8B68-1A3EB04E639A}.Release|Any CPU.ActiveCfg = Release|Any CPU
		{1B662C26-6EE3-48E5-8B68-1A3EB04E639A}.Release|Any CPU.Build.0 = Release|Any CPU
		{5C7E1B53-0D3C-4180-8E10-52ACFA64921F}.Debug|Any CPU.ActiveCfg = Debug|Any CPU
		{5C7E1B53-0D3C-4180-8E10-52ACFA64921F}.Debug|Any CPU.Build.0 = Debug|Any CPU
		{5C7E1B53-0D3C-4180-8E10-52ACFA64921F}.Release|Any CPU.ActiveCfg = Release|Any CPU
		{5C7E1B53-0D3C-4180-8E10-52ACFA64921F}.Release|Any CPU.Build.0 = Release|Any CPU
		{3AE4DED6-9DD0-434F-9200-21F332BFD0AC}.Debug|Any CPU.ActiveCfg = Debug|Any CPU
		{3AE4DED6-9DD0-434F-9200-21F332BFD0AC}.Debug|Any CPU.Build.0 = Debug|Any CPU
		{3AE4DED6-9DD0-434F-9200-21F332BFD0AC}.Release|Any CPU.ActiveCfg = Release|Any CPU
		{3AE4DED6-9DD0-434F-9200-21F332BFD0AC}.Release|Any CPU.Build.0 = Release|Any CPU
		{4AFF33F7-96DF-42B8-8EFE-37C614CE239E}.Debug|Any CPU.ActiveCfg = Debug|Any CPU
		{4AFF33F7-96DF-42B8-8EFE-37C614CE239E}.Debug|Any CPU.Build.0 = Debug|Any CPU
		{4AFF33F7-96DF-42B8-8EFE-37C614CE239E}.Release|Any CPU.ActiveCfg = Release|Any CPU
		{4AFF33F7-96DF-42B8-8EFE-37C614CE239E}.Release|Any CPU.Build.0 = Release|Any CPU
		{C7265605-3558-44D8-8522-6CC409BC3678}.Debug|Any CPU.ActiveCfg = Debug|Any CPU
		{C7265605-3558-44D8-8522-6CC409BC3678}.Debug|Any CPU.Build.0 = Debug|Any CPU
		{C7265605-3558-44D8-8522-6CC409BC3678}.Release|Any CPU.ActiveCfg = Release|Any CPU
		{C7265605-3558-44D8-8522-6CC409BC3678}.Release|Any CPU.Build.0 = Release|Any CPU
		{1EDBFB4C-7FFE-46A0-B763-0B824BE98050}.Debug|Any CPU.ActiveCfg = Debug|Any CPU
		{1EDBFB4C-7FFE-46A0-B763-0B824BE98050}.Debug|Any CPU.Build.0 = Debug|Any CPU
		{1EDBFB4C-7FFE-46A0-B763-0B824BE98050}.Release|Any CPU.ActiveCfg = Release|Any CPU
		{1EDBFB4C-7FFE-46A0-B763-0B824BE98050}.Release|Any CPU.Build.0 = Release|Any CPU
	EndGlobalSection
	GlobalSection(SolutionProperties) = preSolution
		HideSolutionNode = FALSE
	EndGlobalSection
	GlobalSection(ExtensibilityGlobals) = postSolution
		SolutionGuid = {918EC4FF-7D84-4AD0-BF50-180718EE2643}
	EndGlobalSection
EndGlobal
